
Microsoft Visual Studio Solution File, Format Version 12.00
# Visual Studio 15
VisualStudioVersion = 15.0.28307.271
MinimumVisualStudioVersion = 10.0.40219.1
Project("{FAE04EC0-301F-11D3-BF4B-00C04F79EFBC}") = "WorshopAspnetCore", "WorshopAspnetCore\WorshopAspnetCore.csproj", "{7B41F057-6598-49E7-83CB-5DAAD2A8AF4D}"
EndProject
Global
	GlobalSection(SolutionConfigurationPlatforms) = preSolution
		Debug|Any CPU = Debug|Any CPU
		Release|Any CPU = Release|Any CPU
	EndGlobalSection
	GlobalSection(ProjectConfigurationPlatforms) = postSolution
		{7B41F057-6598-49E7-83CB-5DAAD2A8AF4D}.Debug|Any CPU.ActiveCfg = Debug|Any CPU
		{7B41F057-6598-49E7-83CB-5DAAD2A8AF4D}.Debug|Any CPU.Build.0 = Debug|Any CPU
		{7B41F057-6598-49E7-83CB-5DAAD2A8AF4D}.Release|Any CPU.ActiveCfg = Release|Any CPU
		{7B41F057-6598-49E7-83CB-5DAAD2A8AF4D}.Release|Any CPU.Build.0 = Release|Any CPU
	EndGlobalSection
	GlobalSection(SolutionProperties) = preSolution
		HideSolutionNode = FALSE
	EndGlobalSection
	GlobalSection(ExtensibilityGlobals) = postSolution
		SolutionGuid = {C9914AE7-938F-4F0A-B674-2881E84BAD1C}
	EndGlobalSection
EndGlobal
